<?xml version="1.0" encoding="utf-8"?>
<Project ToolsVersion="4.0" xmlns="http://schemas.microsoft.com/developer/msbuild/2003">
  <ItemGroup>
    <Filter Include="Finix">
      <UniqueIdentifier>{23292D0D-8F3D-55BE-58BF-F81DC49251EF}</UniqueIdentifier>
    </Filter>
    <Filter Include="Finix\Events">
      <UniqueIdentifier>{A7CF1A7C-9332-AA20-3CB8-E2D628FA75A3}</UniqueIdentifier>
    </Filter>
    <Filter Include="Platform">
      <UniqueIdentifier>{2AC788B4-1694-E3BF-3FAD-D1672BD9184E}</UniqueIdentifier>
    </Filter>
    <Filter Include="Platform\Windows">
      <UniqueIdentifier>{64FBD71A-50F4-F66C-7926-DCF1657ED678}</UniqueIdentifier>
    </Filter>
  </ItemGroup>
  <ItemGroup>
    <ClInclude Include="src\Finix.h" />
    <ClInclude Include="src\Finix\Application.h">
      <Filter>Finix</Filter>
    </ClInclude>
    <ClInclude Include="src\Finix\Core.h">
      <Filter>Finix</Filter>
    </ClInclude>
    <ClInclude Include="src\Finix\EntryPoint.h">
      <Filter>Finix</Filter>
    </ClInclude>
    <ClInclude Include="src\Finix\Events\ApplicationEvent.h">
      <Filter>Finix\Events</Filter>
    </ClInclude>
    <ClInclude Include="src\Finix\Events\Event.h">
      <Filter>Finix\Events</Filter>
    </ClInclude>
    <ClInclude Include="src\Finix\Events\KeyEvent.h">
      <Filter>Finix\Events</Filter>
    </ClInclude>
    <ClInclude Include="src\Finix\Events\MouseEvent.h">
      <Filter>Finix\Events</Filter>
    </ClInclude>
    <ClInclude Include="src\Finix\Log.h">
      <Filter>Finix</Filter>
    </ClInclude>
    <ClInclude Include="src\Finix\Window.h">
      <Filter>Finix</Filter>
    </ClInclude>
    <ClInclude Include="src\Platform\Windows\WindowsWindow.h">
      <Filter>Platform\Windows</Filter>
    </ClInclude>
    <ClInclude Include="src\fxpch.h" />
  </ItemGroup>
  <ItemGroup>
    <ClCompile Include="src\Finix\Application.cpp">
      <Filter>Finix</Filter>
    </ClCompile>
    <ClCompile Include="src\Finix\Log.cpp">
      <Filter>Finix</Filter>
    </ClCompile>
    <ClCompile Include="src\Platform\Windows\WindowsWindow.cpp">
      <Filter>Platform\Windows</Filter>
    </ClCompile>
    <ClCompile Include="src\fxpch.cpp" />
  </ItemGroup>
</Project>